
Microsoft Visual Studio Solution File, Format Version 12.00
# Visual Studio Version 16
VisualStudioVersion = 16.0.29709.97
MinimumVisualStudioVersion = 10.0.40219.1
Project("{FAE04EC0-301F-11D3-BF4B-00C04F79EFBC}") = "CA2", "CA2\CA2.csproj", "{BB42F0A1-1572-49ED-830D-844D302A6D93}"
EndProject
Global
	GlobalSection(SolutionConfigurationPlatforms) = preSolution
		Debug|Any CPU = Debug|Any CPU
		Release|Any CPU = Release|Any CPU
	EndGlobalSection
	GlobalSection(ProjectConfigurationPlatforms) = postSolution
		{BB42F0A1-1572-49ED-830D-844D302A6D93}.Debug|Any CPU.ActiveCfg = Debug|Any CPU
		{BB42F0A1-1572-49ED-830D-844D302A6D93}.Debug|Any CPU.Build.0 = Debug|Any CPU
		{BB42F0A1-1572-49ED-830D-844D302A6D93}.Release|Any CPU.ActiveCfg = Release|Any CPU
		{BB42F0A1-1572-49ED-830D-844D302A6D93}.Release|Any CPU.Build.0 = Release|Any CPU
	EndGlobalSection
	GlobalSection(SolutionProperties) = preSolution
		HideSolutionNode = FALSE
	EndGlobalSection
	GlobalSection(ExtensibilityGlobals) = postSolution
		SolutionGuid = {163FD7BE-96C5-4D68-B32A-E73D5CA8686E}
	EndGlobalSection
EndGlobal
